
Microsoft Visual Studio Solution File, Format Version 12.00
# Visual Studio 2012
Project("{FAE04EC0-301F-11D3-BF4B-00C04F79EFBC}") = "ICTA13580080", "ICTA13580080\ICTA13580080.csproj", "{1D040CC3-2F48-497F-8FEC-F2CC60DF5E80}"
EndProject
Project("{FAE04EC0-301F-11D3-BF4B-00C04F79EFBC}") = "ICTA13580080.iOS", "iOS\ICTA13580080.iOS.csproj", "{E3DB1D20-99FB-4F43-A14B-91BDD01E57BD}"
EndProject
Global
	GlobalSection(SolutionConfigurationPlatforms) = preSolution
		Debug|Any CPU = Debug|Any CPU
		Release|Any CPU = Release|Any CPU
		Debug|iPhoneSimulator = Debug|iPhoneSimulator
		Release|iPhone = Release|iPhone
		Release|iPhoneSimulator = Release|iPhoneSimulator
		Debug|iPhone = Debug|iPhone
	EndGlobalSection
	GlobalSection(ProjectConfigurationPlatforms) = postSolution
		{1D040CC3-2F48-497F-8FEC-F2CC60DF5E80}.Debug|Any CPU.ActiveCfg = Debug|Any CPU
		{1D040CC3-2F48-497F-8FEC-F2CC60DF5E80}.Debug|Any CPU.Build.0 = Debug|Any CPU
		{1D040CC3-2F48-497F-8FEC-F2CC60DF5E80}.Release|Any CPU.ActiveCfg = Release|Any CPU
		{1D040CC3-2F48-497F-8FEC-F2CC60DF5E80}.Release|Any CPU.Build.0 = Release|Any CPU
		{1D040CC3-2F48-497F-8FEC-F2CC60DF5E80}.Debug|iPhoneSimulator.ActiveCfg = Debug|Any CPU
		{1D040CC3-2F48-497F-8FEC-F2CC60DF5E80}.Debug|iPhoneSimulator.Build.0 = Debug|Any CPU
		{1D040CC3-2F48-497F-8FEC-F2CC60DF5E80}.Release|iPhone.ActiveCfg = Release|Any CPU
		{1D040CC3-2F48-497F-8FEC-F2CC60DF5E80}.Release|iPhone.Build.0 = Release|Any CPU
		{1D040CC3-2F48-497F-8FEC-F2CC60DF5E80}.Release|iPhoneSimulator.ActiveCfg = Release|Any CPU
		{1D040CC3-2F48-497F-8FEC-F2CC60DF5E80}.Release|iPhoneSimulator.Build.0 = Release|Any CPU
		{1D040CC3-2F48-497F-8FEC-F2CC60DF5E80}.Debug|iPhone.ActiveCfg = Debug|Any CPU
		{1D040CC3-2F48-497F-8FEC-F2CC60DF5E80}.Debug|iPhone.Build.0 = Debug|Any CPU
		{E3DB1D20-99FB-4F43-A14B-91BDD01E57BD}.Debug|Any CPU.ActiveCfg = Debug|iPhoneSimulator
		{E3DB1D20-99FB-4F43-A14B-91BDD01E57BD}.Debug|Any CPU.Build.0 = Debug|iPhoneSimulator
		{E3DB1D20-99FB-4F43-A14B-91BDD01E57BD}.Release|Any CPU.ActiveCfg = Release|iPhone
		{E3DB1D20-99FB-4F43-A14B-91BDD01E57BD}.Release|Any CPU.Build.0 = Release|iPhone
		{E3DB1D20-99FB-4F43-A14B-91BDD01E57BD}.Debug|iPhoneSimulator.ActiveCfg = Debug|iPhoneSimulator
		{E3DB1D20-99FB-4F43-A14B-91BDD01E57BD}.Debug|iPhoneSimulator.Build.0 = Debug|iPhoneSimulator
		{E3DB1D20-99FB-4F43-A14B-91BDD01E57BD}.Release|iPhone.ActiveCfg = Release|iPhone
		{E3DB1D20-99FB-4F43-A14B-91BDD01E57BD}.Release|iPhone.Build.0 = Release|iPhone
		{E3DB1D20-99FB-4F43-A14B-91BDD01E57BD}.Release|iPhoneSimulator.ActiveCfg = Release|iPhoneSimulator
		{E3DB1D20-99FB-4F43-A14B-91BDD01E57BD}.Release|iPhoneSimulator.Build.0 = Release|iPhoneSimulator
		{E3DB1D20-99FB-4F43-A14B-91BDD01E57BD}.Debug|iPhone.ActiveCfg = Debug|iPhone
		{E3DB1D20-99FB-4F43-A14B-91BDD01E57BD}.Debug|iPhone.Build.0 = Debug|iPhone
	EndGlobalSection
EndGlobal
